
Microsoft Visual Studio Solution File, Format Version 12.00
# Visual Studio 15
VisualStudioVersion = 15.0.28010.2046
MinimumVisualStudioVersion = 10.0.40219.1
Project("{8BC9CEB8-8B4A-11D0-8D11-00A0C91BC942}") = "遗传算法_背包问题", "遗传算法_背包问题\遗传算法_背包问题.vcxproj", "{8A53375E-B134-4DE4-A835-8BABD90D9403}"
EndProject
Global
	GlobalSection(SolutionConfigurationPlatforms) = preSolution
		Debug|x64 = Debug|x64
		Debug|x86 = Debug|x86
		Release|x64 = Release|x64
		Release|x86 = Release|x86
	EndGlobalSection
	GlobalSection(ProjectConfigurationPlatforms) = postSolution
		{8A53375E-B134-4DE4-A835-8BABD90D9403}.Debug|x64.ActiveCfg = Debug|x64
		{8A53375E-B134-4DE4-A835-8BABD90D9403}.Debug|x64.Build.0 = Debug|x64
		{8A53375E-B134-4DE4-A835-8BABD90D9403}.Debug|x86.ActiveCfg = Debug|Win32
		{8A53375E-B134-4DE4-A835-8BABD90D9403}.Debug|x86.Build.0 = Debug|Win32
		{8A53375E-B134-4DE4-A835-8BABD90D9403}.Release|x64.ActiveCfg = Release|x64
		{8A53375E-B134-4DE4-A835-8BABD90D9403}.Release|x64.Build.0 = Release|x64
		{8A53375E-B134-4DE4-A835-8BABD90D9403}.Release|x86.ActiveCfg = Release|Win32
		{8A53375E-B134-4DE4-A835-8BABD90D9403}.Release|x86.Build.0 = Release|Win32
	EndGlobalSection
	GlobalSection(SolutionProperties) = preSolution
		HideSolutionNode = FALSE
	EndGlobalSection
	GlobalSection(ExtensibilityGlobals) = postSolution
		SolutionGuid = {B6C4162F-B2CF-425C-9889-F6BF3AA59B72}
	EndGlobalSection
EndGlobal
